<?xml version="1.0" encoding="utf-8"?>
<Project ToolsVersion="4.0" xmlns="http://schemas.microsoft.com/developer/msbuild/2003">
  <ItemGroup>
    <Filter Include="ソース ファイル">
      <UniqueIdentifier>{4FC737F1-C7A5-4376-A066-2A32D752A2FF}</UniqueIdentifier>
      <Extensions>cpp;c;cc;cxx;c++;cppm;ixx;def;odl;idl;hpj;bat;asm;asmx</Extensions>
    </Filter>
    <Filter Include="ヘッダー ファイル">
      <UniqueIdentifier>{93995380-89BD-4b04-88EB-625FBE52EBFB}</UniqueIdentifier>
      <Extensions>h;hh;hpp;hxx;h++;hm;inl;inc;ipp;xsd</Extensions>
    </Filter>
    <Filter Include="リソース ファイル">
      <UniqueIdentifier>{67DA6AB6-F800-4c08-8B7A-83BB121AAD01}</UniqueIdentifier>
      <Extensions>rc;ico;cur;bmp;dlg;rc2;rct;bin;rgs;gif;jpg;jpeg;jpe;resx;tiff;tif;png;wav;mfcribbon-ms</Extensions>
    </Filter>
    <Filter Include="Engine">
      <UniqueIdentifier>{5e2ec3fb-26cc-4c15-863b-e34ae7930370}</UniqueIdentifier>
    </Filter>
    <Filter Include="Application">
      <UniqueIdentifier>{ef5d88e9-8b68-40d6-aefe-d79331e55c0b}</UniqueIdentifier>
    </Filter>
    <Filter Include="ソース ファイル\2D">
      <UniqueIdentifier>{b122a36f-808f-4542-ab83-994c52d66a11}</UniqueIdentifier>
    </Filter>
    <Filter Include="ソース ファイル\3D">
      <UniqueIdentifier>{d5dc638c-2872-4809-b80f-57ad7c658ea9}</UniqueIdentifier>
    </Filter>
    <Filter Include="ソース ファイル\Audio">
      <UniqueIdentifier>{de83eca9-1354-4d9a-adab-1cf885f70cdc}</UniqueIdentifier>
    </Filter>
    <Filter Include="ソース ファイル\Base">
      <UniqueIdentifier>{11f16eaa-74cb-41d2-b932-3d31638480a0}</UniqueIdentifier>
    </Filter>
    <Filter Include="ソース ファイル\Camera">
      <UniqueIdentifier>{148f4b47-414b-4c01-8a22-1ee33f5bc0b2}</UniqueIdentifier>
    </Filter>
    <Filter Include="ソース ファイル\Imgui">
      <UniqueIdentifier>{a7d358ee-ec53-4445-a1af-8224705acd96}</UniqueIdentifier>
    </Filter>
    <Filter Include="ソース ファイル\Input">
      <UniqueIdentifier>{4c5c7a48-d76f-4461-bc50-20a2b42a8490}</UniqueIdentifier>
    </Filter>
    <Filter Include="ソース ファイル\Math">
      <UniqueIdentifier>{34d20a1e-9af2-44ed-a7dc-9d7c55c3b726}</UniqueIdentifier>
    </Filter>
    <Filter Include="ソース ファイル\Scene">
      <UniqueIdentifier>{91d19cf7-37c5-4b2e-9e49-31a55a0348c2}</UniqueIdentifier>
    </Filter>
    <Filter Include="ヘッダー ファイル\2D">
      <UniqueIdentifier>{37fd0971-0a9c-4466-925a-36069a5ff040}</UniqueIdentifier>
    </Filter>
    <Filter Include="ヘッダー ファイル\3D">
      <UniqueIdentifier>{2dac5741-87a8-4672-9b59-9563a47db247}</UniqueIdentifier>
    </Filter>
    <Filter Include="ヘッダー ファイル\Audio">
      <UniqueIdentifier>{1bd9416e-9c21-4d03-9297-526f5db5e23c}</UniqueIdentifier>
    </Filter>
    <Filter Include="ヘッダー ファイル\Base">
      <UniqueIdentifier>{96581b8c-6545-48a3-9080-052acb777d65}</UniqueIdentifier>
    </Filter>
    <Filter Include="ヘッダー ファイル\Camera">
      <UniqueIdentifier>{d5b6653c-7978-496d-a479-dbcd64ae4648}</UniqueIdentifier>
    </Filter>
    <Filter Include="ヘッダー ファイル\Imgui">
      <UniqueIdentifier>{85c7f7b0-7375-4bf7-a5cf-c1a5cf5c1748}</UniqueIdentifier>
    </Filter>
    <Filter Include="ヘッダー ファイル\Input">
      <UniqueIdentifier>{1835067f-175f-4d0f-a59d-f3b740200858}</UniqueIdentifier>
    </Filter>
    <Filter Include="ヘッダー ファイル\Math">
      <UniqueIdentifier>{d77b8158-fe07-4ea3-90de-914434b347c2}</UniqueIdentifier>
    </Filter>
    <Filter Include="ヘッダー ファイル\Scene">
      <UniqueIdentifier>{198cbea3-9289-4a6e-be04-0e775207ebda}</UniqueIdentifier>
    </Filter>
    <Filter Include="ヘッダー ファイル\3D\Obj">
      <UniqueIdentifier>{9683ad73-2c75-49b8-80a5-d2502d4a94c8}</UniqueIdentifier>
    </Filter>
    <Filter Include="ヘッダー ファイル\3D\Fbx">
      <UniqueIdentifier>{3e12042b-8b95-4eda-91e3-6146fb80d56f}</UniqueIdentifier>
    </Filter>
    <Filter Include="ソース ファイル\3D\Obj">
      <UniqueIdentifier>{431628af-244c-4d34-8ee7-d7246c790e85}</UniqueIdentifier>
    </Filter>
    <Filter Include="ソース ファイル\3D\Fbx">
      <UniqueIdentifier>{a8548164-c544-404b-a83c-dbe447849e6a}</UniqueIdentifier>
    </Filter>
    <Filter Include="ソース ファイル\Input\Keyboard">
      <UniqueIdentifier>{9120cc28-e148-4941-b29b-54fec7212e31}</UniqueIdentifier>
    </Filter>
    <Filter Include="ソース ファイル\Input\Controller">
      <UniqueIdentifier>{4d966abe-e090-41d6-8ca8-0af573907f6c}</UniqueIdentifier>
    </Filter>
    <Filter Include="ソース ファイル\Base\Pipeline">
      <UniqueIdentifier>{3f75651c-56f3-4070-a801-6a4616e1a1db}</UniqueIdentifier>
    </Filter>
    <Filter Include="ソース ファイル\Base\Core">
      <UniqueIdentifier>{7b342505-6ab8-4938-a938-9536abcb3c72}</UniqueIdentifier>
    </Filter>
    <Filter Include="ソース ファイル\2D\Sprite">
      <UniqueIdentifier>{0d7f35bd-67b2-4814-a414-ec6bf373d047}</UniqueIdentifier>
    </Filter>
    <Filter Include="ソース ファイル\2D\Particle">
      <UniqueIdentifier>{0ef518c2-f00e-4e32-a3a2-2c2a52b5e9ee}</UniqueIdentifier>
    </Filter>
    <Filter Include="ソース ファイル\3D\PostEffect">
      <UniqueIdentifier>{664663f0-373c-41f4-8a0c-9db69203d73f}</UniqueIdentifier>
    </Filter>
    <Filter Include="ヘッダー ファイル\2D\Sprite">
      <UniqueIdentifier>{6cfc7f01-ba12-4930-ac10-42c7899dcf64}</UniqueIdentifier>
    </Filter>
    <Filter Include="ヘッダー ファイル\2D\Particle">
      <UniqueIdentifier>{8da21379-2774-4f7e-846f-11929346a27e}</UniqueIdentifier>
    </Filter>
    <Filter Include="ヘッダー ファイル\Base\Core">
      <UniqueIdentifier>{a8b2a404-a11d-407a-9bf0-ffe9685f4264}</UniqueIdentifier>
    </Filter>
    <Filter Include="ヘッダー ファイル\Base\Pipeline">
      <UniqueIdentifier>{5727aa04-a561-4eea-82f5-6e47f4fd7ac7}</UniqueIdentifier>
    </Filter>
    <Filter Include="ヘッダー ファイル\Input\Keyboard">
      <UniqueIdentifier>{bb00facd-3cce-49e2-87de-3100bb163212}</UniqueIdentifier>
    </Filter>
    <Filter Include="ヘッダー ファイル\Input\Controller">
      <UniqueIdentifier>{3aa8c4d3-5e09-43fc-8b3d-5e41e404f3d5}</UniqueIdentifier>
    </Filter>
    <Filter Include="Application\ソースファイル">
      <UniqueIdentifier>{4ab68028-b49c-43d4-a6a3-0c7ffea73936}</UniqueIdentifier>
    </Filter>
    <Filter Include="Application\ヘッダーファイル">
      <UniqueIdentifier>{9c5b140f-79b7-4d4b-8c2c-e5dd74f4a717}</UniqueIdentifier>
    </Filter>
    <Filter Include="Application\ソースファイル\Scene">
      <UniqueIdentifier>{52fc1505-207d-4bf9-9f9a-fe2002e775cb}</UniqueIdentifier>
    </Filter>
    <Filter Include="Application\ソースファイル\Scene\BaseScene">
      <UniqueIdentifier>{ac277534-5d3e-4050-bd5d-47fae7c09ca4}</UniqueIdentifier>
    </Filter>
    <Filter Include="Application\ヘッダーファイル\Scene">
      <UniqueIdentifier>{2d361c79-7ac1-40c2-9fb5-649a92f17f3e}</UniqueIdentifier>
    </Filter>
    <Filter Include="Application\ヘッダーファイル\Scene\BaseScene">
      <UniqueIdentifier>{1ee1c74a-216c-415e-880c-06d7bb3e818b}</UniqueIdentifier>
    </Filter>
    <Filter Include="ヘッダー ファイル\3D\PostEffect">
      <UniqueIdentifier>{31473cb2-0e25-4ebf-ab3c-275aee09f92a}</UniqueIdentifier>
    </Filter>
    <Filter Include="ヘッダー ファイル\Utility">
      <UniqueIdentifier>{61022013-3f61-4378-b9f8-c3061173662f}</UniqueIdentifier>
    </Filter>
  </ItemGroup>
  <ItemGroup>
    <ClCompile Include="lib\engine\main.cpp">
      <Filter>ソース ファイル</Filter>
    </ClCompile>
    <ClCompile Include="lib\engine\Input\Keyboard.cpp">
      <Filter>ソース ファイル\Input\Keyboard</Filter>
    </ClCompile>
    <ClCompile Include="lib\engine\Input\Controller.cpp">
      <Filter>ソース ファイル\Input\Controller</Filter>
    </ClCompile>
    <ClCompile Include="lib\engine\Input\Input.cpp">
      <Filter>ソース ファイル\Input</Filter>
    </ClCompile>
    <ClCompile Include="lib\engine\Math\Matrix4.cpp">
      <Filter>ソース ファイル\Math</Filter>
    </ClCompile>
    <ClCompile Include="lib\engine\Math\Vector4.cpp">
      <Filter>ソース ファイル\Math</Filter>
    </ClCompile>
    <ClCompile Include="lib\engine\Math\Vector2.cpp">
      <Filter>ソース ファイル\Math</Filter>
    </ClCompile>
    <ClCompile Include="lib\engine\Math\Vector3.cpp">
      <Filter>ソース ファイル\Math</Filter>
    </ClCompile>
    <ClCompile Include="lib\engine\Math\DirectX12Math.cpp">
      <Filter>ソース ファイル\Math</Filter>
    </ClCompile>
    <ClCompile Include="lib\engine\Base\Pipeline.cpp">
      <Filter>ソース ファイル\Base\Pipeline</Filter>
    </ClCompile>
    <ClCompile Include="lib\engine\Base\Shader.cpp">
      <Filter>ソース ファイル\Base\Pipeline</Filter>
    </ClCompile>
    <ClCompile Include="lib\engine\Base\DirectXCommon.cpp">
      <Filter>ソース ファイル\Base\Core</Filter>
    </ClCompile>
    <ClCompile Include="lib\engine\Base\WinApp.cpp">
      <Filter>ソース ファイル\Base\Core</Filter>
    </ClCompile>
    <ClCompile Include="lib\engine\Scene\SceneManager.cpp">
      <Filter>ソース ファイル\Scene</Filter>
    </ClCompile>
    <ClCompile Include="lib\engine\Base\FPS.cpp">
      <Filter>ソース ファイル\Base\Core</Filter>
    </ClCompile>
    <ClCompile Include="lib\engine\ImGui\ImGuiManager.cpp">
      <Filter>ソース ファイル\Imgui</Filter>
    </ClCompile>
    <ClCompile Include="lib\engine\3D\Model\FBX\FbxObject3d.cpp">
      <Filter>ソース ファイル\3D\Fbx</Filter>
    </ClCompile>
    <ClCompile Include="lib\engine\3D\Model\FBX\FbxModel.cpp">
      <Filter>ソース ファイル\3D\Fbx</Filter>
    </ClCompile>
    <ClCompile Include="lib\engine\3D\Model\FBX\FbxLoader.cpp">
      <Filter>ソース ファイル\3D\Fbx</Filter>
    </ClCompile>
    <ClCompile Include="lib\engine\3D\Model\OBJ\ObjObject3d.cpp">
      <Filter>ソース ファイル\3D\Obj</Filter>
    </ClCompile>
    <ClCompile Include="lib\engine\3D\Model\OBJ\ObjModel.cpp">
      <Filter>ソース ファイル\3D\Obj</Filter>
    </ClCompile>
    <ClCompile Include="lib\engine\Scene\Framework.cpp">
      <Filter>ソース ファイル\Scene</Filter>
    </ClCompile>
    <ClCompile Include="lib\engine\Scene\MainGame.cpp">
      <Filter>ソース ファイル\Scene</Filter>
    </ClCompile>
    <ClCompile Include="lib\engine\Math\Quaternion.cpp">
      <Filter>ソース ファイル\Math</Filter>
    </ClCompile>
    <ClCompile Include="lib\engine\Base\TextureManager.cpp">
      <Filter>ソース ファイル\Base</Filter>
    </ClCompile>
    <ClCompile Include="lib\engine\Scene\BaseScene.cpp">
      <Filter>ソース ファイル\Scene</Filter>
    </ClCompile>
    <ClCompile Include="lib\engine\3D\Particle\ParticleManager.cpp">
      <Filter>ソース ファイル\2D\Particle</Filter>
    </ClCompile>
    <ClCompile Include="lib\engine\2D\Sprite\Sprite.cpp">
      <Filter>ソース ファイル\2D\Sprite</Filter>
    </ClCompile>
    <ClCompile Include="lib\engine\Base\Light.cpp">
      <Filter>ソース ファイル\Base</Filter>
    </ClCompile>
    <ClCompile Include="lib\engine\2D\PostEffect\PostEffect.cpp">
      <Filter>ソース ファイル\3D\PostEffect</Filter>
    </ClCompile>
    <ClCompile Include="lib\engine\Camera\Camera.cpp">
      <Filter>ソース ファイル\Camera</Filter>
    </ClCompile>
    <ClCompile Include="lib\engine\Audio\AudioManager.cpp">
      <Filter>ソース ファイル\Audio</Filter>
    </ClCompile>
    <ClCompile Include="lib\engine\3D\WorldTransform.cpp">
      <Filter>ソース ファイル\3D</Filter>
    </ClCompile>
    <ClCompile Include="Users\Scene\SceneFactory.cpp">
      <Filter>Application\ソースファイル\Scene</Filter>
    </ClCompile>
    <ClCompile Include="Users\Scene\GameScene.cpp">
      <Filter>Application\ソースファイル\Scene\BaseScene</Filter>
    </ClCompile>
    <ClCompile Include="Users\Scene\TitleScene.cpp">
      <Filter>Application\ソースファイル\Scene\BaseScene</Filter>
    </ClCompile>
    <ClCompile Include="Users\GameCamera.cpp">
      <Filter>Application\ソースファイル</Filter>
    </ClCompile>
    <ClCompile Include="Users\Player.cpp">
      <Filter>Application\ソースファイル</Filter>
    </ClCompile>
    <ClCompile Include="Users\PlayerBullet.cpp">
      <Filter>Application\ソースファイル</Filter>
    </ClCompile>
  </ItemGroup>
  <ItemGroup>
    <ClInclude Include="lib\engine\3D\Model\FBX\FbxObject3d.h">
      <Filter>ヘッダー ファイル\3D\Fbx</Filter>
    </ClInclude>
    <ClInclude Include="lib\engine\3D\Model\FBX\FbxModel.h">
      <Filter>ヘッダー ファイル\3D\Fbx</Filter>
    </ClInclude>
    <ClInclude Include="lib\engine\3D\Model\FBX\FbxLoader.h">
      <Filter>ヘッダー ファイル\3D\Fbx</Filter>
    </ClInclude>
    <ClInclude Include="lib\engine\3D\Model\OBJ\ObjObject3d.h">
      <Filter>ヘッダー ファイル\3D\Obj</Filter>
    </ClInclude>
    <ClInclude Include="lib\engine\3D\Model\OBJ\ObjModel.h">
      <Filter>ヘッダー ファイル\3D\Obj</Filter>
    </ClInclude>
    <ClInclude Include="lib\engine\Audio\AudioManager.h">
      <Filter>ヘッダー ファイル\Audio</Filter>
    </ClInclude>
    <ClInclude Include="lib\engine\Scene\AbstractSceneFactory.h">
      <Filter>ヘッダー ファイル\Scene</Filter>
    </ClInclude>
    <ClInclude Include="lib\engine\Scene\BaseScene.h">
      <Filter>ヘッダー ファイル\Scene</Filter>
    </ClInclude>
    <ClInclude Include="lib\engine\Camera\Camera.h">
      <Filter>ヘッダー ファイル\Camera</Filter>
    </ClInclude>
    <ClInclude Include="lib\engine\Input\Controller.h">
      <Filter>ヘッダー ファイル\Input\Controller</Filter>
    </ClInclude>
    <ClInclude Include="lib\engine\Input\Keyboard.h">
      <Filter>ヘッダー ファイル\Input\Keyboard</Filter>
    </ClInclude>
    <ClInclude Include="lib\engine\Input\Input.h">
      <Filter>ヘッダー ファイル\Input</Filter>
    </ClInclude>
    <ClInclude Include="lib\engine\Math\Matrix4.h">
      <Filter>ヘッダー ファイル\Math</Filter>
    </ClInclude>
    <ClInclude Include="lib\engine\Math\Vector4.h">
      <Filter>ヘッダー ファイル\Math</Filter>
    </ClInclude>
    <ClInclude Include="lib\engine\Math\Vector3.h">
      <Filter>ヘッダー ファイル\Math</Filter>
    </ClInclude>
    <ClInclude Include="lib\engine\Math\Vector2.h">
      <Filter>ヘッダー ファイル\Math</Filter>
    </ClInclude>
    <ClInclude Include="lib\engine\Base\WinApp.h">
      <Filter>ヘッダー ファイル\Base\Core</Filter>
    </ClInclude>
    <ClInclude Include="lib\engine\Base\DirectXCommon.h">
      <Filter>ヘッダー ファイル\Base\Core</Filter>
    </ClInclude>
    <ClInclude Include="lib\engine\Base\Pipeline.h">
      <Filter>ヘッダー ファイル\Base\Pipeline</Filter>
    </ClInclude>
    <ClInclude Include="lib\engine\Base\Shader.h">
      <Filter>ヘッダー ファイル\Base\Pipeline</Filter>
    </ClInclude>
    <ClInclude Include="lib\engine\Scene\Framework.h">
      <Filter>ヘッダー ファイル\Scene</Filter>
    </ClInclude>
    <ClInclude Include="lib\engine\Base\FPS.h">
      <Filter>ヘッダー ファイル\Base\Core</Filter>
    </ClInclude>
    <ClInclude Include="Users\Scene\TitleScene.h">
      <Filter>Application\ヘッダーファイル\Scene\BaseScene</Filter>
    </ClInclude>
    <ClInclude Include="Users\Scene\GameScene.h">
      <Filter>Application\ヘッダーファイル\Scene\BaseScene</Filter>
    </ClInclude>
    <ClInclude Include="Users\Player.h">
      <Filter>Application\ヘッダーファイル</Filter>
    </ClInclude>
    <ClInclude Include="Users\PlayerBullet.h">
      <Filter>Application\ヘッダーファイル</Filter>
    </ClInclude>
    <ClInclude Include="Users\GameCamera.h">
      <Filter>Application\ヘッダーファイル</Filter>
    </ClInclude>
    <ClInclude Include="Users\Scene\SceneFactory.h">
      <Filter>Application\ヘッダーファイル\Scene</Filter>
    </ClInclude>
    <ClInclude Include="lib\engine\3D\WorldTransform.h">
      <Filter>ヘッダー ファイル\3D</Filter>
    </ClInclude>
    <ClInclude Include="lib\engine\2D\PostEffect\PostEffect.h">
      <Filter>ヘッダー ファイル\3D\PostEffect</Filter>
    </ClInclude>
    <ClInclude Include="lib\engine\Math\DirectX12Math.h">
      <Filter>ヘッダー ファイル\Math</Filter>
    </ClInclude>
    <ClInclude Include="lib\engine\Math\Quaternion.h">
      <Filter>ヘッダー ファイル\Math</Filter>
    </ClInclude>
    <ClInclude Include="lib\engine\2D\Sprite\Sprite.h">
      <Filter>ヘッダー ファイル\2D\Sprite</Filter>
    </ClInclude>
    <ClInclude Include="lib\engine\3D\Particle\ParticleManager.h">
      <Filter>ヘッダー ファイル\2D\Particle</Filter>
    </ClInclude>
    <ClInclude Include="lib\engine\ImGui\ImGuiManager.h">
      <Filter>ヘッダー ファイル\Imgui</Filter>
    </ClInclude>
    <ClInclude Include="lib\engine\Base\Light.h">
      <Filter>ヘッダー ファイル\Base</Filter>
    </ClInclude>
    <ClInclude Include="lib\engine\Base\TextureManager.h">
      <Filter>ヘッダー ファイル\Base</Filter>
    </ClInclude>
    <ClInclude Include="lib\engine\Scene\SceneManager.h">
      <Filter>ヘッダー ファイル\Scene</Filter>
    </ClInclude>
    <ClInclude Include="lib\engine\Scene\MainGame.h">
      <Filter>ヘッダー ファイル\Scene</Filter>
    </ClInclude>
    <ClInclude Include="lib\engine\Base\Utility\EngineUtility.h">
      <Filter>ヘッダー ファイル\Utility</Filter>
    </ClInclude>
  </ItemGroup>
</Project>