<?xml version="1.0" encoding="utf-8"?>
<Project ToolsVersion="4.0" xmlns="http://schemas.microsoft.com/developer/msbuild/2003">
  <ItemGroup>
    <Filter Include="リソース ファイル">
      <UniqueIdentifier>{67DA6AB6-F800-4c08-8B7A-83BB121AAD01}</UniqueIdentifier>
      <Extensions>rc;ico;cur;bmp;dlg;rc2;rct;bin;rgs;gif;jpg;jpeg;jpe;resx;tiff;tif;png;wav;mfcribbon-ms</Extensions>
    </Filter>
    <Filter Include="Engine">
      <UniqueIdentifier>{5e2ec3fb-26cc-4c15-863b-e34ae7930370}</UniqueIdentifier>
    </Filter>
    <Filter Include="Application">
      <UniqueIdentifier>{ef5d88e9-8b68-40d6-aefe-d79331e55c0b}</UniqueIdentifier>
    </Filter>
    <Filter Include="Application\ソースファイル">
      <UniqueIdentifier>{4ab68028-b49c-43d4-a6a3-0c7ffea73936}</UniqueIdentifier>
    </Filter>
    <Filter Include="Application\ヘッダーファイル">
      <UniqueIdentifier>{9c5b140f-79b7-4d4b-8c2c-e5dd74f4a717}</UniqueIdentifier>
    </Filter>
    <Filter Include="Application\ソースファイル\Scene">
      <UniqueIdentifier>{52fc1505-207d-4bf9-9f9a-fe2002e775cb}</UniqueIdentifier>
    </Filter>
    <Filter Include="Application\ソースファイル\Scene\BaseScene">
      <UniqueIdentifier>{ac277534-5d3e-4050-bd5d-47fae7c09ca4}</UniqueIdentifier>
    </Filter>
    <Filter Include="Application\ヘッダーファイル\Scene">
      <UniqueIdentifier>{2d361c79-7ac1-40c2-9fb5-649a92f17f3e}</UniqueIdentifier>
    </Filter>
    <Filter Include="Application\ヘッダーファイル\Scene\BaseScene">
      <UniqueIdentifier>{1ee1c74a-216c-415e-880c-06d7bb3e818b}</UniqueIdentifier>
    </Filter>
    <Filter Include="Engine\ソース ファイル">
      <UniqueIdentifier>{4FC737F1-C7A5-4376-A066-2A32D752A2FF}</UniqueIdentifier>
      <Extensions>cpp;c;cc;cxx;c++;cppm;ixx;def;odl;idl;hpj;bat;asm;asmx</Extensions>
    </Filter>
    <Filter Include="Engine\ソース ファイル\2D">
      <UniqueIdentifier>{b122a36f-808f-4542-ab83-994c52d66a11}</UniqueIdentifier>
    </Filter>
    <Filter Include="Engine\ソース ファイル\2D\Sprite">
      <UniqueIdentifier>{0d7f35bd-67b2-4814-a414-ec6bf373d047}</UniqueIdentifier>
    </Filter>
    <Filter Include="Engine\ソース ファイル\3D">
      <UniqueIdentifier>{d5dc638c-2872-4809-b80f-57ad7c658ea9}</UniqueIdentifier>
    </Filter>
    <Filter Include="Engine\ソース ファイル\3D\Obj">
      <UniqueIdentifier>{431628af-244c-4d34-8ee7-d7246c790e85}</UniqueIdentifier>
    </Filter>
    <Filter Include="Engine\ソース ファイル\3D\Fbx">
      <UniqueIdentifier>{a8548164-c544-404b-a83c-dbe447849e6a}</UniqueIdentifier>
    </Filter>
    <Filter Include="Engine\ソース ファイル\Audio">
      <UniqueIdentifier>{de83eca9-1354-4d9a-adab-1cf885f70cdc}</UniqueIdentifier>
    </Filter>
    <Filter Include="Engine\ソース ファイル\Base">
      <UniqueIdentifier>{11f16eaa-74cb-41d2-b932-3d31638480a0}</UniqueIdentifier>
    </Filter>
    <Filter Include="Engine\ソース ファイル\Base\Pipeline">
      <UniqueIdentifier>{3f75651c-56f3-4070-a801-6a4616e1a1db}</UniqueIdentifier>
    </Filter>
    <Filter Include="Engine\ソース ファイル\Base\Core">
      <UniqueIdentifier>{7b342505-6ab8-4938-a938-9536abcb3c72}</UniqueIdentifier>
    </Filter>
    <Filter Include="Engine\ソース ファイル\Camera">
      <UniqueIdentifier>{148f4b47-414b-4c01-8a22-1ee33f5bc0b2}</UniqueIdentifier>
    </Filter>
    <Filter Include="Engine\ソース ファイル\Imgui">
      <UniqueIdentifier>{a7d358ee-ec53-4445-a1af-8224705acd96}</UniqueIdentifier>
    </Filter>
    <Filter Include="Engine\ソース ファイル\Input">
      <UniqueIdentifier>{4c5c7a48-d76f-4461-bc50-20a2b42a8490}</UniqueIdentifier>
    </Filter>
    <Filter Include="Engine\ソース ファイル\Input\Keyboard">
      <UniqueIdentifier>{9120cc28-e148-4941-b29b-54fec7212e31}</UniqueIdentifier>
    </Filter>
    <Filter Include="Engine\ソース ファイル\Input\Controller">
      <UniqueIdentifier>{4d966abe-e090-41d6-8ca8-0af573907f6c}</UniqueIdentifier>
    </Filter>
    <Filter Include="Engine\ソース ファイル\Math">
      <UniqueIdentifier>{34d20a1e-9af2-44ed-a7dc-9d7c55c3b726}</UniqueIdentifier>
    </Filter>
    <Filter Include="Engine\ソース ファイル\Scene">
      <UniqueIdentifier>{91d19cf7-37c5-4b2e-9e49-31a55a0348c2}</UniqueIdentifier>
    </Filter>
    <Filter Include="Engine\ヘッダー ファイル">
      <UniqueIdentifier>{93995380-89BD-4b04-88EB-625FBE52EBFB}</UniqueIdentifier>
      <Extensions>h;hh;hpp;hxx;h++;hm;inl;inc;ipp;xsd</Extensions>
    </Filter>
    <Filter Include="Engine\ヘッダー ファイル\2D">
      <UniqueIdentifier>{37fd0971-0a9c-4466-925a-36069a5ff040}</UniqueIdentifier>
    </Filter>
    <Filter Include="Engine\ヘッダー ファイル\2D\Sprite">
      <UniqueIdentifier>{6cfc7f01-ba12-4930-ac10-42c7899dcf64}</UniqueIdentifier>
    </Filter>
    <Filter Include="Engine\ヘッダー ファイル\3D">
      <UniqueIdentifier>{2dac5741-87a8-4672-9b59-9563a47db247}</UniqueIdentifier>
    </Filter>
    <Filter Include="Engine\ヘッダー ファイル\3D\Obj">
      <UniqueIdentifier>{9683ad73-2c75-49b8-80a5-d2502d4a94c8}</UniqueIdentifier>
    </Filter>
    <Filter Include="Engine\ヘッダー ファイル\3D\Fbx">
      <UniqueIdentifier>{3e12042b-8b95-4eda-91e3-6146fb80d56f}</UniqueIdentifier>
    </Filter>
    <Filter Include="Engine\ヘッダー ファイル\Audio">
      <UniqueIdentifier>{1bd9416e-9c21-4d03-9297-526f5db5e23c}</UniqueIdentifier>
    </Filter>
    <Filter Include="Engine\ヘッダー ファイル\Base">
      <UniqueIdentifier>{96581b8c-6545-48a3-9080-052acb777d65}</UniqueIdentifier>
    </Filter>
    <Filter Include="Engine\ヘッダー ファイル\Base\Core">
      <UniqueIdentifier>{a8b2a404-a11d-407a-9bf0-ffe9685f4264}</UniqueIdentifier>
    </Filter>
    <Filter Include="Engine\ヘッダー ファイル\Base\Pipeline">
      <UniqueIdentifier>{5727aa04-a561-4eea-82f5-6e47f4fd7ac7}</UniqueIdentifier>
    </Filter>
    <Filter Include="Engine\ヘッダー ファイル\Camera">
      <UniqueIdentifier>{d5b6653c-7978-496d-a479-dbcd64ae4648}</UniqueIdentifier>
    </Filter>
    <Filter Include="Engine\ヘッダー ファイル\Imgui">
      <UniqueIdentifier>{85c7f7b0-7375-4bf7-a5cf-c1a5cf5c1748}</UniqueIdentifier>
    </Filter>
    <Filter Include="Engine\ヘッダー ファイル\Input">
      <UniqueIdentifier>{1835067f-175f-4d0f-a59d-f3b740200858}</UniqueIdentifier>
    </Filter>
    <Filter Include="Engine\ヘッダー ファイル\Input\Keyboard">
      <UniqueIdentifier>{bb00facd-3cce-49e2-87de-3100bb163212}</UniqueIdentifier>
    </Filter>
    <Filter Include="Engine\ヘッダー ファイル\Input\Controller">
      <UniqueIdentifier>{3aa8c4d3-5e09-43fc-8b3d-5e41e404f3d5}</UniqueIdentifier>
    </Filter>
    <Filter Include="Engine\ヘッダー ファイル\Math">
      <UniqueIdentifier>{d77b8158-fe07-4ea3-90de-914434b347c2}</UniqueIdentifier>
    </Filter>
    <Filter Include="Engine\ヘッダー ファイル\Scene">
      <UniqueIdentifier>{198cbea3-9289-4a6e-be04-0e775207ebda}</UniqueIdentifier>
    </Filter>
    <Filter Include="Engine\ヘッダー ファイル\Utility">
      <UniqueIdentifier>{61022013-3f61-4378-b9f8-c3061173662f}</UniqueIdentifier>
    </Filter>
    <Filter Include="Engine\ソース ファイル\Editer">
      <UniqueIdentifier>{f1308bc9-c0ac-4149-968f-e4a2382477e4}</UniqueIdentifier>
    </Filter>
    <Filter Include="Engine\ヘッダー ファイル\Editer">
      <UniqueIdentifier>{dc1beda6-1e51-4aba-af0a-b9c11b610548}</UniqueIdentifier>
    </Filter>
    <Filter Include="Engine\シェーダファイル">
      <UniqueIdentifier>{92c212eb-0323-4902-9642-8de0bb3e110a}</UniqueIdentifier>
    </Filter>
    <Filter Include="Engine\シェーダファイル\Sprite">
      <UniqueIdentifier>{008aadbc-bc4e-4aca-848b-3fba00ce8102}</UniqueIdentifier>
    </Filter>
    <Filter Include="Engine\シェーダファイル\FBX">
      <UniqueIdentifier>{d85ed3c2-1724-4223-889a-14d87b2d3776}</UniqueIdentifier>
    </Filter>
    <Filter Include="Engine\シェーダファイル\OBJ">
      <UniqueIdentifier>{9b66a189-14df-46b1-9546-fc82c4f3d830}</UniqueIdentifier>
    </Filter>
    <Filter Include="Engine\シェーダファイル\Paricle">
      <UniqueIdentifier>{8a172d45-f096-46e3-bc3f-e4ea84517c68}</UniqueIdentifier>
    </Filter>
    <Filter Include="Engine\シェーダファイル\PostEffect">
      <UniqueIdentifier>{0c7228f8-9527-40c4-b67d-c16fb6591cb3}</UniqueIdentifier>
    </Filter>
    <Filter Include="Engine\ソース ファイル\2D\PostEffect">
      <UniqueIdentifier>{664663f0-373c-41f4-8a0c-9db69203d73f}</UniqueIdentifier>
    </Filter>
    <Filter Include="Engine\ソース ファイル\3D\Particle">
      <UniqueIdentifier>{0ef518c2-f00e-4e32-a3a2-2c2a52b5e9ee}</UniqueIdentifier>
    </Filter>
    <Filter Include="Engine\ヘッダー ファイル\2D\PostEffect">
      <UniqueIdentifier>{31473cb2-0e25-4ebf-ab3c-275aee09f92a}</UniqueIdentifier>
    </Filter>
    <Filter Include="Engine\ヘッダー ファイル\3D\Particle">
      <UniqueIdentifier>{8da21379-2774-4f7e-846f-11929346a27e}</UniqueIdentifier>
    </Filter>
    <Filter Include="Engine\シェーダファイル\Primitive">
      <UniqueIdentifier>{71edfd3b-7519-4a47-803a-e79aae482459}</UniqueIdentifier>
    </Filter>
    <Filter Include="Engine\ソース ファイル\Input\Mouse">
      <UniqueIdentifier>{5631e236-1713-4aea-80cc-543fe2500c17}</UniqueIdentifier>
    </Filter>
    <Filter Include="Engine\ヘッダー ファイル\Input\Mouse">
      <UniqueIdentifier>{15cb395f-2559-405e-b41c-5d2836371f3c}</UniqueIdentifier>
    </Filter>
    <Filter Include="Engine\ソース ファイル\3D\Transform">
      <UniqueIdentifier>{2a3bad4b-3198-4895-92eb-e8a5e13de482}</UniqueIdentifier>
    </Filter>
    <Filter Include="Engine\ヘッダー ファイル\3D\Transform">
      <UniqueIdentifier>{ee0f5dd2-76f9-4d10-9470-3858d1bec2e9}</UniqueIdentifier>
    </Filter>
    <Filter Include="Application\ソースファイル\Scene\BaseScene\Game">
      <UniqueIdentifier>{b223b6ff-ecac-439a-8810-8ae0a6feea65}</UniqueIdentifier>
    </Filter>
    <Filter Include="Application\ソースファイル\Scene\BaseScene\Result">
      <UniqueIdentifier>{fea3594b-1936-4050-a5b9-463ba72d2d62}</UniqueIdentifier>
    </Filter>
    <Filter Include="Application\ソースファイル\Scene\BaseScene\Title">
      <UniqueIdentifier>{9926ee36-19b9-450c-a7bc-ce22d012eeec}</UniqueIdentifier>
    </Filter>
    <Filter Include="Application\ヘッダーファイル\Scene\BaseScene\Game">
      <UniqueIdentifier>{f54c4334-ef15-443f-8b98-c5146c3f5495}</UniqueIdentifier>
    </Filter>
    <Filter Include="Application\ヘッダーファイル\Scene\BaseScene\Title">
      <UniqueIdentifier>{2b32be17-58f7-4c4f-8469-64e50f21ee7b}</UniqueIdentifier>
    </Filter>
    <Filter Include="Application\ヘッダーファイル\Scene\BaseScene\Result">
      <UniqueIdentifier>{a596fa27-f7d6-4fe9-82d6-58d185b6e94d}</UniqueIdentifier>
    </Filter>
    <Filter Include="Application\ソースファイル\GameCamera">
      <UniqueIdentifier>{831a8965-242f-4097-9660-30605c331cc4}</UniqueIdentifier>
    </Filter>
    <Filter Include="Application\ヘッダーファイル\GameCamera">
      <UniqueIdentifier>{3df4f6b9-6b5a-47ea-8a07-4d17095d42a4}</UniqueIdentifier>
    </Filter>
    <Filter Include="Application\ソースファイル\Player">
      <UniqueIdentifier>{3bced1bb-2a5d-418b-96f5-5d043f891269}</UniqueIdentifier>
    </Filter>
    <Filter Include="Application\ヘッダーファイル\Player">
      <UniqueIdentifier>{e15142c0-2f1b-4b98-840e-5b59048a0153}</UniqueIdentifier>
    </Filter>
    <Filter Include="Engine\ヘッダー ファイル\Math\Vector">
      <UniqueIdentifier>{66703576-aeca-44fa-8a7f-d1dd9a249b2f}</UniqueIdentifier>
    </Filter>
    <Filter Include="Engine\ヘッダー ファイル\Math\Matrix">
      <UniqueIdentifier>{d0d83b18-10e2-4f3a-8d21-9e63b1afb7a3}</UniqueIdentifier>
    </Filter>
    <Filter Include="Engine\ヘッダー ファイル\Math\Quaternion">
      <UniqueIdentifier>{046079a3-b23b-4251-b610-f80b34d54d9c}</UniqueIdentifier>
    </Filter>
    <Filter Include="Engine\ソース ファイル\Math\Vector">
      <UniqueIdentifier>{c550eb75-c341-4b90-8474-baf02c4c5db5}</UniqueIdentifier>
    </Filter>
    <Filter Include="Engine\ソース ファイル\Math\Matrix">
      <UniqueIdentifier>{dca43525-697b-4b6c-85e9-e023524c665a}</UniqueIdentifier>
    </Filter>
    <Filter Include="Engine\ソース ファイル\Math\Quaternion">
      <UniqueIdentifier>{e306260b-5e23-4804-9b48-35f6460c2dc0}</UniqueIdentifier>
    </Filter>
    <Filter Include="Application\ソースファイル\Enemy">
      <UniqueIdentifier>{81dd9848-6016-4e8a-8b1c-8e8002ac5f56}</UniqueIdentifier>
    </Filter>
    <Filter Include="Application\ヘッダーファイル\Enemy">
      <UniqueIdentifier>{4a6968f4-a255-449f-bc92-641f90a15b21}</UniqueIdentifier>
    </Filter>
  </ItemGroup>
  <ItemGroup>
    <ClCompile Include="lib\engine\main.cpp">
      <Filter>Engine\ソース ファイル</Filter>
    </ClCompile>
    <ClCompile Include="lib\engine\Input\Keyboard.cpp">
      <Filter>Engine\ソース ファイル\Input\Keyboard</Filter>
    </ClCompile>
    <ClCompile Include="lib\engine\Input\Controller.cpp">
      <Filter>Engine\ソース ファイル\Input\Controller</Filter>
    </ClCompile>
    <ClCompile Include="lib\engine\Input\Input.cpp">
      <Filter>Engine\ソース ファイル\Input</Filter>
    </ClCompile>
    <ClCompile Include="lib\engine\Math\DirectX12Math.cpp">
      <Filter>Engine\ソース ファイル\Math</Filter>
    </ClCompile>
    <ClCompile Include="lib\engine\Base\Pipeline\Pipeline.cpp">
      <Filter>Engine\ソース ファイル\Base\Pipeline</Filter>
    </ClCompile>
    <ClCompile Include="lib\engine\Base\Pipeline\Shader.cpp">
      <Filter>Engine\ソース ファイル\Base\Pipeline</Filter>
    </ClCompile>
    <ClCompile Include="lib\engine\Base\Core\DirectXCommon.cpp">
      <Filter>Engine\ソース ファイル\Base\Core</Filter>
    </ClCompile>
    <ClCompile Include="lib\engine\Base\Core\WinApp.cpp">
      <Filter>Engine\ソース ファイル\Base\Core</Filter>
    </ClCompile>
    <ClCompile Include="lib\engine\Scene\SceneManager.cpp">
      <Filter>Engine\ソース ファイル\Scene</Filter>
    </ClCompile>
    <ClCompile Include="lib\engine\Base\Core\FPS.cpp">
      <Filter>Engine\ソース ファイル\Base\Core</Filter>
    </ClCompile>
    <ClCompile Include="lib\engine\ImGui\ImGuiManager.cpp">
      <Filter>Engine\ソース ファイル\Imgui</Filter>
    </ClCompile>
    <ClCompile Include="lib\engine\3D\Model\FBX\FbxObject3d.cpp">
      <Filter>Engine\ソース ファイル\3D\Fbx</Filter>
    </ClCompile>
    <ClCompile Include="lib\engine\3D\Model\FBX\FbxModel.cpp">
      <Filter>Engine\ソース ファイル\3D\Fbx</Filter>
    </ClCompile>
    <ClCompile Include="lib\engine\3D\Model\FBX\FbxLoader.cpp">
      <Filter>Engine\ソース ファイル\3D\Fbx</Filter>
    </ClCompile>
    <ClCompile Include="lib\engine\3D\Model\OBJ\ObjObject3d.cpp">
      <Filter>Engine\ソース ファイル\3D\Obj</Filter>
    </ClCompile>
    <ClCompile Include="lib\engine\3D\Model\OBJ\ObjModel.cpp">
      <Filter>Engine\ソース ファイル\3D\Obj</Filter>
    </ClCompile>
    <ClCompile Include="lib\engine\Scene\Framework.cpp">
      <Filter>Engine\ソース ファイル\Scene</Filter>
    </ClCompile>
    <ClCompile Include="lib\engine\Scene\MainGame.cpp">
      <Filter>Engine\ソース ファイル\Scene</Filter>
    </ClCompile>
    <ClCompile Include="lib\engine\Base\TextureManager.cpp">
      <Filter>Engine\ソース ファイル\Base</Filter>
    </ClCompile>
    <ClCompile Include="lib\engine\Scene\BaseScene.cpp">
      <Filter>Engine\ソース ファイル\Scene</Filter>
    </ClCompile>
    <ClCompile Include="lib\engine\3D\Particle\ParticleManager.cpp">
      <Filter>Engine\ソース ファイル\3D\Particle</Filter>
    </ClCompile>
    <ClCompile Include="lib\engine\2D\Sprite\Sprite.cpp">
      <Filter>Engine\ソース ファイル\2D\Sprite</Filter>
    </ClCompile>
    <ClCompile Include="lib\engine\Base\Light.cpp">
      <Filter>Engine\ソース ファイル\Base</Filter>
    </ClCompile>
    <ClCompile Include="lib\engine\Camera\Camera.cpp">
      <Filter>Engine\ソース ファイル\Camera</Filter>
    </ClCompile>
    <ClCompile Include="lib\engine\Audio\AudioManager.cpp">
      <Filter>Engine\ソース ファイル\Audio</Filter>
    </ClCompile>
    <ClCompile Include="Users\Scene\SceneFactory.cpp">
      <Filter>Application\ソースファイル\Scene</Filter>
    </ClCompile>
    <ClCompile Include="lib\engine\Editer\LevelLoader.cpp">
      <Filter>Engine\ソース ファイル\Editer</Filter>
    </ClCompile>
    <ClCompile Include="lib\engine\3D\WorldTransform.cpp">
      <Filter>Engine\ソース ファイル\3D\Transform</Filter>
    </ClCompile>
    <ClCompile Include="Users\Scene\Game\SceneData.cpp">
      <Filter>Application\ソースファイル\Scene</Filter>
    </ClCompile>
    <ClCompile Include="lib\engine\2D\PostEffect\PostEffect.cpp">
      <Filter>Engine\ソース ファイル\2D\PostEffect</Filter>
    </ClCompile>
    <ClCompile Include="lib\engine\Input\Mouse.cpp">
      <Filter>Engine\ソース ファイル\Input\Mouse</Filter>
    </ClCompile>
    <ClCompile Include="lib\engine\Camera\DebugCamera.cpp">
      <Filter>Engine\ソース ファイル\Camera</Filter>
    </ClCompile>
    <ClCompile Include="Users\Scene\Game\GameScene.cpp">
      <Filter>Application\ソースファイル\Scene\BaseScene\Game</Filter>
    </ClCompile>
    <ClCompile Include="Users\Scene\Result\ResultScene.cpp">
      <Filter>Application\ソースファイル\Scene\BaseScene\Result</Filter>
    </ClCompile>
    <ClCompile Include="Users\Scene\Title\TitleScene.cpp">
      <Filter>Application\ソースファイル\Scene\BaseScene\Title</Filter>
    </ClCompile>
    <ClCompile Include="Users\Scene\Title\TitleAnimation.cpp">
      <Filter>Application\ソースファイル\Scene\BaseScene\Title</Filter>
    </ClCompile>
    <ClCompile Include="Users\GameCamera\FPSCamera.cpp">
      <Filter>Application\ソースファイル\GameCamera</Filter>
    </ClCompile>
    <ClCompile Include="Users\GameCamera\GameCamera.cpp">
      <Filter>Application\ソースファイル\GameCamera</Filter>
    </ClCompile>
    <ClCompile Include="Users\Player\Player.cpp">
      <Filter>Application\ソースファイル\Player</Filter>
    </ClCompile>
    <ClCompile Include="Users\Player\PlayerBullet.cpp">
      <Filter>Application\ソースファイル\Player</Filter>
    </ClCompile>
    <ClCompile Include="Users\Scene\TransitionScene.cpp">
      <Filter>Application\ソースファイル\Scene</Filter>
    </ClCompile>
    <ClCompile Include="lib\engine\Math\Vector4.cpp">
      <Filter>Engine\ソース ファイル\Math\Vector</Filter>
    </ClCompile>
    <ClCompile Include="lib\engine\Math\Vector3.cpp">
      <Filter>Engine\ソース ファイル\Math\Vector</Filter>
    </ClCompile>
    <ClCompile Include="lib\engine\Math\Vector2.cpp">
      <Filter>Engine\ソース ファイル\Math\Vector</Filter>
    </ClCompile>
    <ClCompile Include="lib\engine\Math\Matrix4.cpp">
      <Filter>Engine\ソース ファイル\Math\Matrix</Filter>
    </ClCompile>
    <ClCompile Include="lib\engine\Math\Matrix3x4.cpp">
      <Filter>Engine\ソース ファイル\Math\Matrix</Filter>
    </ClCompile>
    <ClCompile Include="lib\engine\Math\Quaternion.cpp">
      <Filter>Engine\ソース ファイル\Math\Quaternion</Filter>
    </ClCompile>
    <ClCompile Include="Users\Enemy\Enemy.cpp">
      <Filter>Application\ソースファイル\Enemy</Filter>
    </ClCompile>
  </ItemGroup>
  <ItemGroup>
    <ClInclude Include="lib\engine\3D\Model\FBX\FbxObject3d.h">
      <Filter>Engine\ヘッダー ファイル\3D\Fbx</Filter>
    </ClInclude>
    <ClInclude Include="lib\engine\3D\Model\FBX\FbxModel.h">
      <Filter>Engine\ヘッダー ファイル\3D\Fbx</Filter>
    </ClInclude>
    <ClInclude Include="lib\engine\3D\Model\FBX\FbxLoader.h">
      <Filter>Engine\ヘッダー ファイル\3D\Fbx</Filter>
    </ClInclude>
    <ClInclude Include="lib\engine\3D\Model\OBJ\ObjObject3d.h">
      <Filter>Engine\ヘッダー ファイル\3D\Obj</Filter>
    </ClInclude>
    <ClInclude Include="lib\engine\3D\Model\OBJ\ObjModel.h">
      <Filter>Engine\ヘッダー ファイル\3D\Obj</Filter>
    </ClInclude>
    <ClInclude Include="lib\engine\Audio\AudioManager.h">
      <Filter>Engine\ヘッダー ファイル\Audio</Filter>
    </ClInclude>
    <ClInclude Include="lib\engine\Scene\AbstractSceneFactory.h">
      <Filter>Engine\ヘッダー ファイル\Scene</Filter>
    </ClInclude>
    <ClInclude Include="lib\engine\Scene\BaseScene.h">
      <Filter>Engine\ヘッダー ファイル\Scene</Filter>
    </ClInclude>
    <ClInclude Include="lib\engine\Camera\Camera.h">
      <Filter>Engine\ヘッダー ファイル\Camera</Filter>
    </ClInclude>
    <ClInclude Include="lib\engine\Input\Controller.h">
      <Filter>Engine\ヘッダー ファイル\Input\Controller</Filter>
    </ClInclude>
    <ClInclude Include="lib\engine\Input\Keyboard.h">
      <Filter>Engine\ヘッダー ファイル\Input\Keyboard</Filter>
    </ClInclude>
    <ClInclude Include="lib\engine\Input\Input.h">
      <Filter>Engine\ヘッダー ファイル\Input</Filter>
    </ClInclude>
    <ClInclude Include="lib\engine\Base\Core\WinApp.h">
      <Filter>Engine\ヘッダー ファイル\Base\Core</Filter>
    </ClInclude>
    <ClInclude Include="lib\engine\Base\Core\DirectXCommon.h">
      <Filter>Engine\ヘッダー ファイル\Base\Core</Filter>
    </ClInclude>
    <ClInclude Include="lib\engine\Base\Pipeline\Pipeline.h">
      <Filter>Engine\ヘッダー ファイル\Base\Pipeline</Filter>
    </ClInclude>
    <ClInclude Include="lib\engine\Base\Pipeline\Shader.h">
      <Filter>Engine\ヘッダー ファイル\Base\Pipeline</Filter>
    </ClInclude>
    <ClInclude Include="lib\engine\Scene\Framework.h">
      <Filter>Engine\ヘッダー ファイル\Scene</Filter>
    </ClInclude>
    <ClInclude Include="lib\engine\Base\Core\FPS.h">
      <Filter>Engine\ヘッダー ファイル\Base\Core</Filter>
    </ClInclude>
    <ClInclude Include="Users\Scene\SceneFactory.h">
      <Filter>Application\ヘッダーファイル\Scene</Filter>
    </ClInclude>
    <ClInclude Include="lib\engine\Math\DirectX12Math.h">
      <Filter>Engine\ヘッダー ファイル\Math</Filter>
    </ClInclude>
    <ClInclude Include="lib\engine\2D\Sprite\Sprite.h">
      <Filter>Engine\ヘッダー ファイル\2D\Sprite</Filter>
    </ClInclude>
    <ClInclude Include="lib\engine\3D\Particle\ParticleManager.h">
      <Filter>Engine\ヘッダー ファイル\3D\Particle</Filter>
    </ClInclude>
    <ClInclude Include="lib\engine\ImGui\ImGuiManager.h">
      <Filter>Engine\ヘッダー ファイル\Imgui</Filter>
    </ClInclude>
    <ClInclude Include="lib\engine\Base\Light.h">
      <Filter>Engine\ヘッダー ファイル\Base</Filter>
    </ClInclude>
    <ClInclude Include="lib\engine\Base\TextureManager.h">
      <Filter>Engine\ヘッダー ファイル\Base</Filter>
    </ClInclude>
    <ClInclude Include="lib\engine\Scene\SceneManager.h">
      <Filter>Engine\ヘッダー ファイル\Scene</Filter>
    </ClInclude>
    <ClInclude Include="lib\engine\Scene\MainGame.h">
      <Filter>Engine\ヘッダー ファイル\Scene</Filter>
    </ClInclude>
    <ClInclude Include="lib\engine\Base\Utility\EngineUtility.h">
      <Filter>Engine\ヘッダー ファイル\Utility</Filter>
    </ClInclude>
    <ClInclude Include="lib\engine\Editer\LevelLoader.h">
      <Filter>Engine\ヘッダー ファイル\Editer</Filter>
    </ClInclude>
    <ClInclude Include="lib\engine\3D\WorldTransform.h">
      <Filter>Engine\ヘッダー ファイル\3D\Transform</Filter>
    </ClInclude>
    <ClInclude Include="Users\Scene\Game\SceneData.h">
      <Filter>Application\ヘッダーファイル\Scene</Filter>
    </ClInclude>
    <ClInclude Include="lib\engine\2D\PostEffect\PostEffect.h">
      <Filter>Engine\ヘッダー ファイル\2D\PostEffect</Filter>
    </ClInclude>
    <ClInclude Include="lib\engine\Input\Mouse.h">
      <Filter>Engine\ヘッダー ファイル\Input\Mouse</Filter>
    </ClInclude>
    <ClInclude Include="lib\engine\Camera\DebugCamera.h">
      <Filter>Engine\ヘッダー ファイル\Camera</Filter>
    </ClInclude>
    <ClInclude Include="Users\Scene\Game\GameScene.h">
      <Filter>Application\ヘッダーファイル\Scene\BaseScene\Game</Filter>
    </ClInclude>
    <ClInclude Include="Users\Scene\Result\ResultScene.h">
      <Filter>Application\ヘッダーファイル\Scene\BaseScene\Result</Filter>
    </ClInclude>
    <ClInclude Include="Users\Scene\Title\TitleAnimation.h">
      <Filter>Application\ヘッダーファイル\Scene\BaseScene\Title</Filter>
    </ClInclude>
    <ClInclude Include="Users\Scene\Title\TitleScene.h">
      <Filter>Application\ヘッダーファイル\Scene\BaseScene\Title</Filter>
    </ClInclude>
    <ClInclude Include="Users\GameCamera\GameCamera.h">
      <Filter>Application\ヘッダーファイル\GameCamera</Filter>
    </ClInclude>
    <ClInclude Include="Users\GameCamera\FPSCamera.h">
      <Filter>Application\ヘッダーファイル\GameCamera</Filter>
    </ClInclude>
    <ClInclude Include="Users\Player\PlayerBullet.h">
      <Filter>Application\ヘッダーファイル\Player</Filter>
    </ClInclude>
    <ClInclude Include="Users\Player\Player.h">
      <Filter>Application\ヘッダーファイル\Player</Filter>
    </ClInclude>
    <ClInclude Include="lib\engine\Base\SuppressWarning.h">
      <Filter>Engine\ヘッダー ファイル\Base</Filter>
    </ClInclude>
    <ClInclude Include="Users\Scene\TransitionScene.h">
      <Filter>Application\ヘッダーファイル\Scene</Filter>
    </ClInclude>
    <ClInclude Include="lib\engine\Math\Vector4.h">
      <Filter>Engine\ヘッダー ファイル\Math\Vector</Filter>
    </ClInclude>
    <ClInclude Include="lib\engine\Math\Vector3.h">
      <Filter>Engine\ヘッダー ファイル\Math\Vector</Filter>
    </ClInclude>
    <ClInclude Include="lib\engine\Math\Vector2.h">
      <Filter>Engine\ヘッダー ファイル\Math\Vector</Filter>
    </ClInclude>
    <ClInclude Include="lib\engine\Math\Matrix3x4.h">
      <Filter>Engine\ヘッダー ファイル\Math\Matrix</Filter>
    </ClInclude>
    <ClInclude Include="lib\engine\Math\Matrix4.h">
      <Filter>Engine\ヘッダー ファイル\Math\Matrix</Filter>
    </ClInclude>
    <ClInclude Include="lib\engine\Math\Quaternion.h">
      <Filter>Engine\ヘッダー ファイル\Math\Quaternion</Filter>
    </ClInclude>
    <ClInclude Include="Users\Enemy\Enemy.h">
      <Filter>Application\ヘッダーファイル\Enemy</Filter>
    </ClInclude>
  </ItemGroup>
  <ItemGroup>
    <None Include="Resources\shaders\FBX\FBX.hlsli">
      <Filter>Engine\シェーダファイル\FBX</Filter>
    </None>
    <None Include="Resources\shaders\OBJ\OBJ.hlsli">
      <Filter>Engine\シェーダファイル\OBJ</Filter>
    </None>
    <None Include="Resources\shaders\PostEffect\PostEffect.hlsli">
      <Filter>Engine\シェーダファイル\PostEffect</Filter>
    </None>
    <None Include="Resources\shaders\Sprite\Sprite.hlsli">
      <Filter>Engine\シェーダファイル\Sprite</Filter>
    </None>
    <None Include="Resources\shaders\Particle\Particle.hlsli">
      <Filter>Engine\シェーダファイル\Paricle</Filter>
    </None>
    <None Include="Resources\shaders\Primitive\Primitive.hlsli">
      <Filter>Engine\シェーダファイル\Primitive</Filter>
    </None>
  </ItemGroup>
  <ItemGroup>
    <FxCompile Include="Resources\shaders\FBX\FBXPS.hlsl">
      <Filter>Engine\シェーダファイル\FBX</Filter>
    </FxCompile>
    <FxCompile Include="Resources\shaders\FBX\FBXVS.hlsl">
      <Filter>Engine\シェーダファイル\FBX</Filter>
    </FxCompile>
    <FxCompile Include="Resources\shaders\OBJ\OBJPS.hlsl">
      <Filter>Engine\シェーダファイル\OBJ</Filter>
    </FxCompile>
    <FxCompile Include="Resources\shaders\OBJ\OBJVS.hlsl">
      <Filter>Engine\シェーダファイル\OBJ</Filter>
    </FxCompile>
    <FxCompile Include="Resources\shaders\PostEffect\PostEffectPS.hlsl">
      <Filter>Engine\シェーダファイル\PostEffect</Filter>
    </FxCompile>
    <FxCompile Include="Resources\shaders\PostEffect\PostEffectVS.hlsl">
      <Filter>Engine\シェーダファイル\PostEffect</Filter>
    </FxCompile>
    <FxCompile Include="Resources\shaders\Sprite\SpritePS.hlsl">
      <Filter>Engine\シェーダファイル\Sprite</Filter>
    </FxCompile>
    <FxCompile Include="Resources\shaders\Sprite\SpriteVS.hlsl">
      <Filter>Engine\シェーダファイル\Sprite</Filter>
    </FxCompile>
    <FxCompile Include="Resources\shaders\Particle\ParticleGS.hlsl">
      <Filter>Engine\シェーダファイル\Paricle</Filter>
    </FxCompile>
    <FxCompile Include="Resources\shaders\Particle\ParticlePS.hlsl">
      <Filter>Engine\シェーダファイル\Paricle</Filter>
    </FxCompile>
    <FxCompile Include="Resources\shaders\Particle\ParticleVS.hlsl">
      <Filter>Engine\シェーダファイル\Paricle</Filter>
    </FxCompile>
    <FxCompile Include="Resources\shaders\Primitive\PrimitivePS.hlsl">
      <Filter>Engine\シェーダファイル\Primitive</Filter>
    </FxCompile>
    <FxCompile Include="Resources\shaders\Primitive\PrimitiveVS.hlsl">
      <Filter>Engine\シェーダファイル\Primitive</Filter>
    </FxCompile>
  </ItemGroup>
</Project>